PODS:
  - FBSnapshotTestCase (2.1.4):
    - FBSnapshotTestCase/SwiftSupport (= 2.1.4)
  - FBSnapshotTestCase/Core (2.1.4)
  - FBSnapshotTestCase/SwiftSupport (2.1.4):
    - FBSnapshotTestCase/Core
  - JLRoutes (2.1)
  - JTRouterLib (0.1.2):
    - JLRoutes

DEPENDENCIES:
  - FBSnapshotTestCase
  - JTRouterLib (from `../`)

SPEC REPOS:
  trunk:
    - FBSnapshotTestCase
    - JLRoutes

EXTERNAL SOURCES:
  JTRouterLib:
    :path: "../"

SPEC CHECKSUMS:
  FBSnapshotTestCase: 094f9f314decbabe373b87cc339bea235a63e07a
  JLRoutes: d755245322b94227662ea3e43492fdca94e05c5b
  JTRouterLib: 3a66fd32d41bbebf47f755baad31f10382d96e9e

PODFILE CHECKSUM: 52423266ef06547019e1266029aa0c5923aabd20

COCOAPODS: 1.10.0
